{
  "requires": true,
  "lockfileVersion": 1,
  "dependencies": {
    "react-alice-carousel": {
      "version": "2.7.0",
      "resolved": "https://registry.npmjs.org/react-alice-carousel/-/react-alice-carousel-2.7.0.tgz",
      "integrity": "sha512-0QeqmBiGisvOk2UNCJoXQurX9beguhX2BbYwS540WxL7pbBzEXWV2tS7Al2tkWJyS4u6YTlQdwAV81Fk/PaTSg==",
      "requires": {
        "vanilla-swipe": "^2.4.1"
      }
    },
    "vanilla-swipe": {
      "version": "2.4.1",
      "resolved": "https://registry.npmjs.org/vanilla-swipe/-/vanilla-swipe-2.4.1.tgz",
      "integrity": "sha512-o6pfI0dipet88ZnPLV4Jx04Ia+U3xANh14vhROW2TOe/mrwk2JGG68+Z0BPoD1YUcQQEnK4SZBXkqFe+K1l7/w=="
    }
  }
}
